
Microsoft Visual Studio Solution File, Format Version 12.00
# Visual Studio Version 17
VisualStudioVersion = 17.13.35825.156
MinimumVisualStudioVersion = 10.0.40219.1
Project("{FAE04EC0-301F-11D3-BF4B-00C04F79EFBC}") = "AluraIdentity6Api", "AluraIdentity6Api\AluraIdentity6Api.csproj", "{F20A0F7B-A2ED-4698-A5B5-4077229B1C96}"
EndProject
Project("{E53339B2-1760-4266-BCC7-CA923CBCF16C}") = "docker-compose", "docker-compose.dcproj", "{81DDED9D-158B-E303-5F62-77A2896D2A5A}"
EndProject
Global
	GlobalSection(SolutionConfigurationPlatforms) = preSolution
		Debug|Any CPU = Debug|Any CPU
		Release|Any CPU = Release|Any CPU
	EndGlobalSection
	GlobalSection(ProjectConfigurationPlatforms) = postSolution
		{F20A0F7B-A2ED-4698-A5B5-4077229B1C96}.Debug|Any CPU.ActiveCfg = Debug|Any CPU
		{F20A0F7B-A2ED-4698-A5B5-4077229B1C96}.Debug|Any CPU.Build.0 = Debug|Any CPU
		{F20A0F7B-A2ED-4698-A5B5-4077229B1C96}.Release|Any CPU.ActiveCfg = Release|Any CPU
		{F20A0F7B-A2ED-4698-A5B5-4077229B1C96}.Release|Any CPU.Build.0 = Release|Any CPU
		{81DDED9D-158B-E303-5F62-77A2896D2A5A}.Debug|Any CPU.ActiveCfg = Debug|Any CPU
		{81DDED9D-158B-E303-5F62-77A2896D2A5A}.Debug|Any CPU.Build.0 = Debug|Any CPU
		{81DDED9D-158B-E303-5F62-77A2896D2A5A}.Release|Any CPU.ActiveCfg = Release|Any CPU
		{81DDED9D-158B-E303-5F62-77A2896D2A5A}.Release|Any CPU.Build.0 = Release|Any CPU
	EndGlobalSection
	GlobalSection(SolutionProperties) = preSolution
		HideSolutionNode = FALSE
	EndGlobalSection
	GlobalSection(ExtensibilityGlobals) = postSolution
		SolutionGuid = {1F9F4C63-BE15-40F4-B681-DDE751C32EA3}
	EndGlobalSection
EndGlobal
